// !$*UTF8*$!
{
	archiveVersion = 1;
	classes = {
	};
	objectVersion = 46;
	objects = {

/* Begin PBXBuildFile section */
		2776D4231D4FB0E7006683A9 /* main.c in Sources */ = {isa = PBXBuildFile; fileRef = 2776D4221D4FB0E7006683A9 /* main.c */; };
		2776D42A1D4FCDB3006683A9 /* OpenGL.framework in Frameworks */ = {isa = PBXBuildFile; fileRef = 2776D4291D4FCDB3006683A9 /* OpenGL.framework */; };
		2776D42C1D4FCDC1006683A9 /* GLUT.framework in Frameworks */ = {isa = PBXBuildFile; fileRef = 2776D42B1D4FCDC1006683A9 /* GLUT.framework */; };
		27EB36651D58D45C00C2514A /* view.c in Sources */ = {isa = PBXBuildFile; fileRef = 27EB36631D58D45C00C2514A /* view.c */; };
/* End PBXBuildFile section */

/* Begin PBXCopyFilesBuildPhase section */
		2776D41D1D4FB0E7006683A9 /* CopyFiles */ = {
			isa = PBXCopyFilesBuildPhase;
			buildActionMask = 2147483647;
			dstPath = /usr/share/man/man1/;
			dstSubfolderSpec = 0;
			files = (
			);
			runOnlyForDeploymentPostprocessing = 1;
		};
/* End PBXCopyFilesBuildPhase section */

/* Begin PBXFileReference section */
		27670CDE1D5C9A26006465FF /* main.h */ = {isa = PBXFileReference; lastKnownFileType = sourcecode.c.h; path = main.h; sourceTree = "<group>"; };
		2776D41F1D4FB0E7006683A9 /* MipMapGL */ = {isa = PBXFileReference; explicitFileType = "compiled.mach-o.executable"; includeInIndex = 0; path = MipMapGL; sourceTree = BUILT_PRODUCTS_DIR; };
		2776D4221D4FB0E7006683A9 /* main.c */ = {isa = PBXFileReference; lastKnownFileType = sourcecode.c.c; path = main.c; sourceTree = "<group>"; };
		2776D4291D4FCDB3006683A9 /* OpenGL.framework */ = {isa = PBXFileReference; lastKnownFileType = wrapper.framework; name = OpenGL.framework; path = System/Library/Frameworks/OpenGL.framework; sourceTree = SDKROOT; };
		2776D42B1D4FCDC1006683A9 /* GLUT.framework */ = {isa = PBXFileReference; lastKnownFileType = wrapper.framework; name = GLUT.framework; path = System/Library/Frameworks/GLUT.framework; sourceTree = SDKROOT; };
		27EB36631D58D45C00C2514A /* view.c */ = {isa = PBXFileReference; fileEncoding = 4; lastKnownFileType = sourcecode.c.c; path = view.c; sourceTree = "<group>"; };
		27EB36641D58D45C00C2514A /* view.h */ = {isa = PBXFileReference; fileEncoding = 4; lastKnownFileType = sourcecode.c.h; path = view.h; sourceTree = "<group>"; };
/* End PBXFileReference section */

/* Begin PBXFrameworksBuildPhase section */
		2776D41C1D4FB0E7006683A9 /* Frameworks */ = {
			isa = PBXFrameworksBuildPhase;
			buildActionMask = 2147483647;
			files = (
				2776D42C1D4FCDC1006683A9 /* GLUT.framework in Frameworks */,
				2776D42A1D4FCDB3006683A9 /* OpenGL.framework in Frameworks */,
			);
			runOnlyForDeploymentPostprocessing = 0;
		};
/* End PBXFrameworksBuildPhase section */

/* Begin PBXGroup section */
		2776D4161D4FB0E7006683A9 = {
			isa = PBXGroup;
			children = (
				2776D42B1D4FCDC1006683A9 /* GLUT.framework */,
				2776D4291D4FCDB3006683A9 /* OpenGL.framework */,
				2776D4211D4FB0E7006683A9 /* MipMapGL */,
				2776D4201D4FB0E7006683A9 /* Products */,
			);
			sourceTree = "<group>";
		};
		2776D4201D4FB0E7006683A9 /* Products */ = {
			isa = PBXGroup;
			children = (
				2776D41F1D4FB0E7006683A9 /* MipMapGL */,
			);
			name = Products;
			sourceTree = "<group>";
		};
		2776D4211D4FB0E7006683A9 /* MipMapGL */ = {
			isa = PBXGroup;
			children = (
				2776D4221D4FB0E7006683A9 /* main.c */,
				27EB36631D58D45C00C2514A /* view.c */,
				27EB36641D58D45C00C2514A /* view.h */,
				27670CDE1D5C9A26006465FF /* main.h */,
			);
			path = MipMapGL;
			sourceTree = "<group>";
		};
/* End PBXGroup section */

/* Begin PBXNativeTarget section */
		2776D41E1D4FB0E7006683A9 /* MipMapGL */ = {
			isa = PBXNativeTarget;
			buildConfigurationList = 2776D4261D4FB0E7006683A9 /* Build configuration list for PBXNativeTarget "MipMapGL" */;
			buildPhases = (
				2776D41B1D4FB0E7006683A9 /* Sources */,
				2776D41C1D4FB0E7006683A9 /* Frameworks */,
				2776D41D1D4FB0E7006683A9 /* CopyFiles */,
			);
			buildRules = (
			);
			dependencies = (
			);
			name = MipMapGL;
			productName = MipMapGL;
			productReference = 2776D41F1D4FB0E7006683A9 /* MipMapGL */;
			productType = "com.apple.product-type.tool";
		};
/* End PBXNativeTarget section */

/* Begin PBXProject section */
		2776D4171D4FB0E7006683A9 /* Project object */ = {
			isa = PBXProject;
			attributes = {
				LastUpgradeCheck = 0730;
				ORGANIZATIONNAME = "Laura del Pino Díaz";
				TargetAttributes = {
					2776D41E1D4FB0E7006683A9 = {
						CreatedOnToolsVersion = 7.3.1;
					};
				};
			};
			buildConfigurationList = 2776D41A1D4FB0E7006683A9 /* Build configuration list for PBXProject "MipMapGL" */;
			compatibilityVersion = "Xcode 3.2";
			developmentRegion = English;
			hasScannedForEncodings = 0;
			knownRegions = (
				en,
			);
			mainGroup = 2776D4161D4FB0E7006683A9;
			productRefGroup = 2776D4201D4FB0E7006683A9 /* Products */;
			projectDirPath = "";
			projectRoot = "";
			targets = (
				2776D41E1D4FB0E7006683A9 /* MipMapGL */,
			);
		};
/* End PBXProject section */

/* Begin PBXSourcesBuildPhase section */
		2776D41B1D4FB0E7006683A9 /* Sources */ = {
			isa = PBXSourcesBuildPhase;
			buildActionMask = 2147483647;
			files = (
				27EB36651D58D45C00C2514A /* view.c in Sources */,
				2776D4231D4FB0E7006683A9 /* main.c in Sources */,
			);
			runOnlyForDeploymentPostprocessing = 0;
		};
/* End PBXSourcesBuildPhase section */

/* Begin XCBuildConfiguration section */
		2776D4241D4FB0E7006683A9 /* Debug */ = {
			isa = XCBuildConfiguration;
			buildSettings = {
				ALWAYS_SEARCH_USER_PATHS = NO;
				CLANG_ANALYZER_NONNULL = YES;
				CLANG_CXX_LANGUAGE_STANDARD = "gnu++0x";
				CLANG_CXX_LIBRARY = "libc++";
				CLANG_ENABLE_MODULES = YES;
				CLANG_ENABLE_OBJC_ARC = YES;
				CLANG_WARN_BOOL_CONVERSION = YES;
				CLANG_WARN_CONSTANT_CONVERSION = YES;
				CLANG_WARN_DIRECT_OBJC_ISA_USAGE = YES_ERROR;
				CLANG_WARN_EMPTY_BODY = YES;
				CLANG_WARN_ENUM_CONVERSION = YES;
				CLANG_WARN_INT_CONVERSION = YES;
				CLANG_WARN_OBJC_ROOT_CLASS = YES_ERROR;
				CLANG_WARN_UNREACHABLE_CODE = YES;
				CLANG_WARN__DUPLICATE_METHOD_MATCH = YES;
				CODE_SIGN_IDENTITY = "-";
				COPY_PHASE_STRIP = NO;
				DEBUG_INFORMATION_FORMAT = dwarf;
				ENABLE_STRICT_OBJC_MSGSEND = YES;
				ENABLE_TESTABILITY = YES;
				GCC_C_LANGUAGE_STANDARD = gnu99;
				GCC_DYNAMIC_NO_PIC = NO;
				GCC_NO_COMMON_BLOCKS = YES;
				GCC_OPTIMIZATION_LEVEL = 0;
				GCC_PREPROCESSOR_DEFINITIONS = (
					"DEBUG=1",
					"$(inherited)",
				);
				GCC_WARN_64_TO_32_BIT_CONVERSION = YES;
				GCC_WARN_ABOUT_RETURN_TYPE = YES_ERROR;
				GCC_WARN_UNDECLARED_SELECTOR = YES;
				GCC_WARN_UNINITIALIZED_AUTOS = YES_AGGRESSIVE;
				GCC_WARN_UNUSED_FUNCTION = YES;
				GCC_WARN_UNUSED_VARIABLE = YES;
				MACOSX_DEPLOYMENT_TARGET = 10.11;
				MTL_ENABLE_DEBUG_INFO = YES;
				ONLY_ACTIVE_ARCH = YES;
				SDKROOT = macosx;
			};
			name = Debug;
		};
		2776D4251D4FB0E7006683A9 /* Release */ = {
			isa = XCBuildConfiguration;
			buildSettings = {
				ALWAYS_SEARCH_USER_PATHS = NO;
				CLANG_ANALYZER_NONNULL = YES;
				CLANG_CXX_LANGUAGE_STANDARD = "gnu++0x";
				CLANG_CXX_LIBRARY = "libc++";
				CLANG_ENABLE_MODULES = YES;
				CLANG_ENABLE_OBJC_ARC = YES;
				CLANG_WARN_BOOL_CONVERSION = YES;
				CLANG_WARN_CONSTANT_CONVERSION = YES;
				CLANG_WARN_DIRECT_OBJC_ISA_USAGE = YES_ERROR;
				CLANG_WARN_EMPTY_BODY = YES;
				CLANG_WARN_ENUM_CONVERSION = YES;
				CLANG_WARN_INT_CONVERSION = YES;
				CLANG_WARN_OBJC_ROOT_CLASS = YES_ERROR;
				CLANG_WARN_UNREACHABLE_CODE = YES;
				CLANG_WARN__DUPLICATE_METHOD_MATCH = YES;
				CODE_SIGN_IDENTITY = "-";
				COPY_PHASE_STRIP = NO;
				DEBUG_INFORMATION_FORMAT = "dwarf-with-dsym";
				ENABLE_NS_ASSERTIONS = NO;
				ENABLE_STRICT_OBJC_MSGSEND = YES;
				GCC_C_LANGUAGE_STANDARD = gnu99;
				GCC_NO_COMMON_BLOCKS = YES;
				GCC_WARN_64_TO_32_BIT_CONVERSION = YES;
				GCC_WARN_ABOUT_RETURN_TYPE = YES_ERROR;
				GCC_WARN_UNDECLARED_SELECTOR = YES;
				GCC_WARN_UNINITIALIZED_AUTOS = YES_AGGRESSIVE;
				GCC_WARN_UNUSED_FUNCTION = YES;
				GCC_WARN_UNUSED_VARIABLE = YES;
				MACOSX_DEPLOYMENT_TARGET = 10.11;
				MTL_ENABLE_DEBUG_INFO = NO;
				SDKROOT = macosx;
			};
			name = Release;
		};
		2776D4271D4FB0E7006683A9 /* Debug */ = {
			isa = XCBuildConfiguration;
			buildSettings = {
				PRODUCT_NAME = "$(TARGET_NAME)";
			};
			name = Debug;
		};
		2776D4281D4FB0E7006683A9 /* Release */ = {
			isa = XCBuildConfiguration;
			buildSettings = {
				PRODUCT_NAME = "$(TARGET_NAME)";
			};
			name = Release;
		};
/* End XCBuildConfiguration section */

/* Begin XCConfigurationList section */
		2776D41A1D4FB0E7006683A9 /* Build configuration list for PBXProject "MipMapGL" */ = {
			isa = XCConfigurationList;
			buildConfigurations = (
				2776D4241D4FB0E7006683A9 /* Debug */,
				2776D4251D4FB0E7006683A9 /* Release */,
			);
			defaultConfigurationIsVisible = 0;
			defaultConfigurationName = Release;
		};
		2776D4261D4FB0E7006683A9 /* Build configuration list for PBXNativeTarget "MipMapGL" */ = {
			isa = XCConfigurationList;
			buildConfigurations = (
				2776D4271D4FB0E7006683A9 /* Debug */,
				2776D4281D4FB0E7006683A9 /* Release */,
			);
			defaultConfigurationIsVisible = 0;
			defaultConfigurationName = Release;
		};
/* End XCConfigurationList section */
	};
	rootObject = 2776D4171D4FB0E7006683A9 /* Project object */;
}
